
Microsoft Visual Studio Solution File, Format Version 12.00
# Visual Studio Version 17
VisualStudioVersion = 17.10.34928.147
MinimumVisualStudioVersion = 10.0.40219.1
Project("{FAE04EC0-301F-11D3-BF4B-00C04F79EFBC}") = "MyBlog.Entities", "MyBlog.Entities\MyBlog.Entities.csproj", "{01B9D889-9402-4B20-920F-A8E4D517199E}"
EndProject
Project("{FAE04EC0-301F-11D3-BF4B-00C04F79EFBC}") = "MyBlog.Core", "MyBlog.Core\MyBlog.Core.csproj", "{F17AF646-80C1-40E3-BF23-9E1EC4CA206D}"
EndProject
Project("{FAE04EC0-301F-11D3-BF4B-00C04F79EFBC}") = "MyBlog.DataAccess", "MyBlog.DataAccess\MyBlog.DataAccess.csproj", "{FCB922D8-8FC6-4251-87FD-0846212074B5}"
EndProject
Project("{FAE04EC0-301F-11D3-BF4B-00C04F79EFBC}") = "MyBlog.Business", "MyBlog.Business\MyBlog.Business.csproj", "{24C18BCD-9EFA-40D4-9E13-150D02CC3661}"
EndProject
Project("{FAE04EC0-301F-11D3-BF4B-00C04F79EFBC}") = "MyBlog.WebUI", "MyBlog.WebUI\MyBlog.WebUI.csproj", "{F69071E7-08DF-4442-A80E-DB4339830B0D}"
EndProject
Global
	GlobalSection(SolutionConfigurationPlatforms) = preSolution
		Debug|Any CPU = Debug|Any CPU
		Release|Any CPU = Release|Any CPU
	EndGlobalSection
	GlobalSection(ProjectConfigurationPlatforms) = postSolution
		{01B9D889-9402-4B20-920F-A8E4D517199E}.Debug|Any CPU.ActiveCfg = Debug|Any CPU
		{01B9D889-9402-4B20-920F-A8E4D517199E}.Debug|Any CPU.Build.0 = Debug|Any CPU
		{01B9D889-9402-4B20-920F-A8E4D517199E}.Release|Any CPU.ActiveCfg = Release|Any CPU
		{01B9D889-9402-4B20-920F-A8E4D517199E}.Release|Any CPU.Build.0 = Release|Any CPU
		{F17AF646-80C1-40E3-BF23-9E1EC4CA206D}.Debug|Any CPU.ActiveCfg = Debug|Any CPU
		{F17AF646-80C1-40E3-BF23-9E1EC4CA206D}.Debug|Any CPU.Build.0 = Debug|Any CPU
		{F17AF646-80C1-40E3-BF23-9E1EC4CA206D}.Release|Any CPU.ActiveCfg = Release|Any CPU
		{F17AF646-80C1-40E3-BF23-9E1EC4CA206D}.Release|Any CPU.Build.0 = Release|Any CPU
		{FCB922D8-8FC6-4251-87FD-0846212074B5}.Debug|Any CPU.ActiveCfg = Debug|Any CPU
		{FCB922D8-8FC6-4251-87FD-0846212074B5}.Debug|Any CPU.Build.0 = Debug|Any CPU
		{FCB922D8-8FC6-4251-87FD-0846212074B5}.Release|Any CPU.ActiveCfg = Release|Any CPU
		{FCB922D8-8FC6-4251-87FD-0846212074B5}.Release|Any CPU.Build.0 = Release|Any CPU
		{24C18BCD-9EFA-40D4-9E13-150D02CC3661}.Debug|Any CPU.ActiveCfg = Debug|Any CPU
		{24C18BCD-9EFA-40D4-9E13-150D02CC3661}.Debug|Any CPU.Build.0 = Debug|Any CPU
		{24C18BCD-9EFA-40D4-9E13-150D02CC3661}.Release|Any CPU.ActiveCfg = Release|Any CPU
		{24C18BCD-9EFA-40D4-9E13-150D02CC3661}.Release|Any CPU.Build.0 = Release|Any CPU
		{F69071E7-08DF-4442-A80E-DB4339830B0D}.Debug|Any CPU.ActiveCfg = Debug|Any CPU
		{F69071E7-08DF-4442-A80E-DB4339830B0D}.Debug|Any CPU.Build.0 = Debug|Any CPU
		{F69071E7-08DF-4442-A80E-DB4339830B0D}.Release|Any CPU.ActiveCfg = Release|Any CPU
		{F69071E7-08DF-4442-A80E-DB4339830B0D}.Release|Any CPU.Build.0 = Release|Any CPU
	EndGlobalSection
	GlobalSection(SolutionProperties) = preSolution
		HideSolutionNode = FALSE
	EndGlobalSection
	GlobalSection(ExtensibilityGlobals) = postSolution
		SolutionGuid = {0A698AC0-A757-48EE-B662-F76666D906C6}
	EndGlobalSection
EndGlobal
